
Microsoft Visual Studio Solution File, Format Version 12.00
# Visual Studio Version 17
VisualStudioVersion = 17.6.33829.357
MinimumVisualStudioVersion = 10.0.40219.1
Project("{FAE04EC0-301F-11D3-BF4B-00C04F79EFBC}") = "tp2108", "tp2108.csproj", "{D242D9A0-0E84-4130-A5D1-C289766599F4}"
EndProject
Global
	GlobalSection(SolutionConfigurationPlatforms) = preSolution
		Debug|Any CPU = Debug|Any CPU
		Release|Any CPU = Release|Any CPU
	EndGlobalSection
	GlobalSection(ProjectConfigurationPlatforms) = postSolution
		{D242D9A0-0E84-4130-A5D1-C289766599F4}.Debug|Any CPU.ActiveCfg = Debug|Any CPU
		{D242D9A0-0E84-4130-A5D1-C289766599F4}.Debug|Any CPU.Build.0 = Debug|Any CPU
		{D242D9A0-0E84-4130-A5D1-C289766599F4}.Release|Any CPU.ActiveCfg = Release|Any CPU
		{D242D9A0-0E84-4130-A5D1-C289766599F4}.Release|Any CPU.Build.0 = Release|Any CPU
	EndGlobalSection
	GlobalSection(SolutionProperties) = preSolution
		HideSolutionNode = FALSE
	EndGlobalSection
	GlobalSection(ExtensibilityGlobals) = postSolution
		SolutionGuid = {598C8D8A-1B4E-4B2A-B183-736482A14774}
	EndGlobalSection
EndGlobal
