
Microsoft Visual Studio Solution File, Format Version 12.00
# Visual Studio Version 17
VisualStudioVersion = 17.6.33829.357
MinimumVisualStudioVersion = 10.0.40219.1
Project("{FAE04EC0-301F-11D3-BF4B-00C04F79EFBC}") = "0910", "0910\0910.csproj", "{FFF89719-57E7-4FEC-9339-BD779F36EBC2}"
EndProject
Global
	GlobalSection(SolutionConfigurationPlatforms) = preSolution
		Debug|Any CPU = Debug|Any CPU
		Release|Any CPU = Release|Any CPU
	EndGlobalSection
	GlobalSection(ProjectConfigurationPlatforms) = postSolution
		{FFF89719-57E7-4FEC-9339-BD779F36EBC2}.Debug|Any CPU.ActiveCfg = Debug|Any CPU
		{FFF89719-57E7-4FEC-9339-BD779F36EBC2}.Debug|Any CPU.Build.0 = Debug|Any CPU
		{FFF89719-57E7-4FEC-9339-BD779F36EBC2}.Release|Any CPU.ActiveCfg = Release|Any CPU
		{FFF89719-57E7-4FEC-9339-BD779F36EBC2}.Release|Any CPU.Build.0 = Release|Any CPU
	EndGlobalSection
	GlobalSection(SolutionProperties) = preSolution
		HideSolutionNode = FALSE
	EndGlobalSection
	GlobalSection(ExtensibilityGlobals) = postSolution
		SolutionGuid = {C7E5CE80-1049-498B-A6D4-5754EB2C5ED1}
	EndGlobalSection
EndGlobal
