
Microsoft Visual Studio Solution File, Format Version 12.00
# Visual Studio Version 17
VisualStudioVersion = 17.6.33829.357
MinimumVisualStudioVersion = 10.0.40219.1
Project("{FAE04EC0-301F-11D3-BF4B-00C04F79EFBC}") = "tp04", "tp04.csproj", "{60CBDE7B-82EF-4BBD-883D-8C30ED7D37A6}"
EndProject
Global
	GlobalSection(SolutionConfigurationPlatforms) = preSolution
		Debug|Any CPU = Debug|Any CPU
		Release|Any CPU = Release|Any CPU
	EndGlobalSection
	GlobalSection(ProjectConfigurationPlatforms) = postSolution
		{60CBDE7B-82EF-4BBD-883D-8C30ED7D37A6}.Debug|Any CPU.ActiveCfg = Debug|Any CPU
		{60CBDE7B-82EF-4BBD-883D-8C30ED7D37A6}.Debug|Any CPU.Build.0 = Debug|Any CPU
		{60CBDE7B-82EF-4BBD-883D-8C30ED7D37A6}.Release|Any CPU.ActiveCfg = Release|Any CPU
		{60CBDE7B-82EF-4BBD-883D-8C30ED7D37A6}.Release|Any CPU.Build.0 = Release|Any CPU
	EndGlobalSection
	GlobalSection(SolutionProperties) = preSolution
		HideSolutionNode = FALSE
	EndGlobalSection
	GlobalSection(ExtensibilityGlobals) = postSolution
		SolutionGuid = {794EF7C6-0F6D-4593-85A3-88421A804BE8}
	EndGlobalSection
EndGlobal
